
Microsoft Visual Studio Solution File, Format Version 12.00
# Visual Studio Version 17
VisualStudioVersion = 17.5.002.0
MinimumVisualStudioVersion = 10.0.40219.1
Project("{9A19103F-16F7-4668-BE54-9A1E7A4F7556}") = "ConcatenationOfArray", "ConcatenationOfArray.csproj", "{B7DA635A-22F7-4775-A4A9-1970847E31D4}"
EndProject
Project("{FAE04EC0-301F-11D3-BF4B-00C04F79EFBC}") = "BuildArrayFromPermutation", "BuildArrayFromPermutation\BuildArrayFromPermutation.csproj", "{34262D3E-F6D4-44D8-B9C6-AB91E4E5850F}"
EndProject
Project("{FAE04EC0-301F-11D3-BF4B-00C04F79EFBC}") = "BuildArrayFromStringPermutation", "..\BuildArrayFromStringPermutation\BuildArrayFromStringPermutation.csproj", "{FB2C3809-14AB-4AF8-A719-69829E7E1BE1}"
EndProject
Global
	GlobalSection(SolutionConfigurationPlatforms) = preSolution
		Debug|Any CPU = Debug|Any CPU
		Release|Any CPU = Release|Any CPU
	EndGlobalSection
	GlobalSection(ProjectConfigurationPlatforms) = postSolution
		{B7DA635A-22F7-4775-A4A9-1970847E31D4}.Debug|Any CPU.ActiveCfg = Debug|Any CPU
		{B7DA635A-22F7-4775-A4A9-1970847E31D4}.Debug|Any CPU.Build.0 = Debug|Any CPU
		{B7DA635A-22F7-4775-A4A9-1970847E31D4}.Release|Any CPU.ActiveCfg = Release|Any CPU
		{B7DA635A-22F7-4775-A4A9-1970847E31D4}.Release|Any CPU.Build.0 = Release|Any CPU
		{34262D3E-F6D4-44D8-B9C6-AB91E4E5850F}.Debug|Any CPU.ActiveCfg = Debug|Any CPU
		{34262D3E-F6D4-44D8-B9C6-AB91E4E5850F}.Debug|Any CPU.Build.0 = Debug|Any CPU
		{34262D3E-F6D4-44D8-B9C6-AB91E4E5850F}.Release|Any CPU.ActiveCfg = Release|Any CPU
		{34262D3E-F6D4-44D8-B9C6-AB91E4E5850F}.Release|Any CPU.Build.0 = Release|Any CPU
		{FB2C3809-14AB-4AF8-A719-69829E7E1BE1}.Debug|Any CPU.ActiveCfg = Debug|Any CPU
		{FB2C3809-14AB-4AF8-A719-69829E7E1BE1}.Debug|Any CPU.Build.0 = Debug|Any CPU
		{FB2C3809-14AB-4AF8-A719-69829E7E1BE1}.Release|Any CPU.ActiveCfg = Release|Any CPU
		{FB2C3809-14AB-4AF8-A719-69829E7E1BE1}.Release|Any CPU.Build.0 = Release|Any CPU
	EndGlobalSection
	GlobalSection(SolutionProperties) = preSolution
		HideSolutionNode = FALSE
	EndGlobalSection
	GlobalSection(ExtensibilityGlobals) = postSolution
		SolutionGuid = {170A0892-200E-465A-8C80-D5BC85237344}
	EndGlobalSection
EndGlobal
