
Microsoft Visual Studio Solution File, Format Version 12.00
# Visual Studio Version 17
VisualStudioVersion = 17.5.002.0
MinimumVisualStudioVersion = 10.0.40219.1
Project("{9A19103F-16F7-4668-BE54-9A1E7A4F7556}") = "MaximumNumberofWordsFoundinSentences", "MaximumNumberofWordsFoundinSentences.csproj", "{7A26C60E-0F58-4D8E-95BE-FBB8B20F8018}"
EndProject
Project("{FAE04EC0-301F-11D3-BF4B-00C04F79EFBC}") = "FindFirstPalindromicStringintheArray", "..\FindFirstPalindromicStringintheArray\FindFirstPalindromicStringintheArray.csproj", "{6EE12649-6990-43AF-B714-E0F96A1F76B3}"
EndProject
Global
	GlobalSection(SolutionConfigurationPlatforms) = preSolution
		Debug|Any CPU = Debug|Any CPU
		Release|Any CPU = Release|Any CPU
	EndGlobalSection
	GlobalSection(ProjectConfigurationPlatforms) = postSolution
		{7A26C60E-0F58-4D8E-95BE-FBB8B20F8018}.Debug|Any CPU.ActiveCfg = Debug|Any CPU
		{7A26C60E-0F58-4D8E-95BE-FBB8B20F8018}.Debug|Any CPU.Build.0 = Debug|Any CPU
		{7A26C60E-0F58-4D8E-95BE-FBB8B20F8018}.Release|Any CPU.ActiveCfg = Release|Any CPU
		{7A26C60E-0F58-4D8E-95BE-FBB8B20F8018}.Release|Any CPU.Build.0 = Release|Any CPU
		{6EE12649-6990-43AF-B714-E0F96A1F76B3}.Debug|Any CPU.ActiveCfg = Debug|Any CPU
		{6EE12649-6990-43AF-B714-E0F96A1F76B3}.Debug|Any CPU.Build.0 = Debug|Any CPU
		{6EE12649-6990-43AF-B714-E0F96A1F76B3}.Release|Any CPU.ActiveCfg = Release|Any CPU
		{6EE12649-6990-43AF-B714-E0F96A1F76B3}.Release|Any CPU.Build.0 = Release|Any CPU
	EndGlobalSection
	GlobalSection(SolutionProperties) = preSolution
		HideSolutionNode = FALSE
	EndGlobalSection
	GlobalSection(ExtensibilityGlobals) = postSolution
		SolutionGuid = {F68D772F-71F5-43BC-9BEF-502017AA0F4A}
	EndGlobalSection
EndGlobal
